
Microsoft Visual Studio Solution File, Format Version 11.00
# Visual Studio 2010
Project("{FAE04EC0-301F-11D3-BF4B-00C04F79EFBC}") = "AdobeEdgeAnimations", "AdobeEdgeAnimations\AdobeEdgeAnimations.csproj", "{13A057C1-3CE0-402F-B55E-2C658C464279}"
EndProject
Global
	GlobalSection(SolutionConfigurationPlatforms) = preSolution
		Debug|iPhoneSimulator = Debug|iPhoneSimulator
		Release|iPhoneSimulator = Release|iPhoneSimulator
		Debug|iPhone = Debug|iPhone
		Release|iPhone = Release|iPhone
		Ad-Hoc|iPhone = Ad-Hoc|iPhone
		AppStore|iPhone = AppStore|iPhone
	EndGlobalSection
	GlobalSection(ProjectConfigurationPlatforms) = postSolution
		{13A057C1-3CE0-402F-B55E-2C658C464279}.Ad-Hoc|iPhone.ActiveCfg = Ad-Hoc|iPhone
		{13A057C1-3CE0-402F-B55E-2C658C464279}.Ad-Hoc|iPhone.Build.0 = Ad-Hoc|iPhone
		{13A057C1-3CE0-402F-B55E-2C658C464279}.AppStore|iPhone.ActiveCfg = AppStore|iPhone
		{13A057C1-3CE0-402F-B55E-2C658C464279}.AppStore|iPhone.Build.0 = AppStore|iPhone
		{13A057C1-3CE0-402F-B55E-2C658C464279}.Debug|iPhone.ActiveCfg = Debug|iPhone
		{13A057C1-3CE0-402F-B55E-2C658C464279}.Debug|iPhone.Build.0 = Debug|iPhone
		{13A057C1-3CE0-402F-B55E-2C658C464279}.Debug|iPhoneSimulator.ActiveCfg = Debug|iPhoneSimulator
		{13A057C1-3CE0-402F-B55E-2C658C464279}.Debug|iPhoneSimulator.Build.0 = Debug|iPhoneSimulator
		{13A057C1-3CE0-402F-B55E-2C658C464279}.Release|iPhone.ActiveCfg = Release|iPhone
		{13A057C1-3CE0-402F-B55E-2C658C464279}.Release|iPhone.Build.0 = Release|iPhone
		{13A057C1-3CE0-402F-B55E-2C658C464279}.Release|iPhoneSimulator.ActiveCfg = Release|iPhoneSimulator
		{13A057C1-3CE0-402F-B55E-2C658C464279}.Release|iPhoneSimulator.Build.0 = Release|iPhoneSimulator
	EndGlobalSection
	GlobalSection(MonoDevelopProperties) = preSolution
		StartupItem = AdobeEdgeAnimations\AdobeEdgeAnimations.csproj
	EndGlobalSection
EndGlobal
